
Microsoft Visual Studio Solution File, Format Version 12.00
# Visual Studio Version 17
VisualStudioVersion = 17.13.35919.96 d17.13
MinimumVisualStudioVersion = 10.0.40219.1
Project("{FAE04EC0-301F-11D3-BF4B-00C04F79EFBC}") = "Timetracker", "Timetracker\Timetracker.csproj", "{642CEA5C-42FD-4BE2-84F1-8899D6417377}"
EndProject
Project("{FAE04EC0-301F-11D3-BF4B-00C04F79EFBC}") = "BotYandexMessenger", "BotYandexMessenger\BotYandexMessenger.csproj", "{231AF3D1-17F5-0A46-78BF-B103B5CBF460}"
EndProject
Global
	GlobalSection(SolutionConfigurationPlatforms) = preSolution
		Debug|Any CPU = Debug|Any CPU
		Release|Any CPU = Release|Any CPU
	EndGlobalSection
	GlobalSection(ProjectConfigurationPlatforms) = postSolution
		{642CEA5C-42FD-4BE2-84F1-8899D6417377}.Debug|Any CPU.ActiveCfg = Debug|Any CPU
		{642CEA5C-42FD-4BE2-84F1-8899D6417377}.Debug|Any CPU.Build.0 = Debug|Any CPU
		{642CEA5C-42FD-4BE2-84F1-8899D6417377}.Release|Any CPU.ActiveCfg = Release|Any CPU
		{642CEA5C-42FD-4BE2-84F1-8899D6417377}.Release|Any CPU.Build.0 = Release|Any CPU
		{231AF3D1-17F5-0A46-78BF-B103B5CBF460}.Debug|Any CPU.ActiveCfg = Debug|Any CPU
		{231AF3D1-17F5-0A46-78BF-B103B5CBF460}.Debug|Any CPU.Build.0 = Debug|Any CPU
		{231AF3D1-17F5-0A46-78BF-B103B5CBF460}.Release|Any CPU.ActiveCfg = Release|Any CPU
		{231AF3D1-17F5-0A46-78BF-B103B5CBF460}.Release|Any CPU.Build.0 = Release|Any CPU
	EndGlobalSection
	GlobalSection(SolutionProperties) = preSolution
		HideSolutionNode = FALSE
	EndGlobalSection
	GlobalSection(ExtensibilityGlobals) = postSolution
		SolutionGuid = {25AB8295-FB9F-475B-B706-FE8865B9E259}
	EndGlobalSection
EndGlobal
